<Solution>
  <Project Path="Asmo/Asmo.csproj" />
  <Project Path="AsmoRuntime/AsmoRuntime.csproj" />
  <Project Path="Demos/AudioDemo/AudioDemo.csproj" />
  <Project Path="Demos/AstroConsole/AstroConsole.csproj" />
  <Project Path="Demos/AstrOS/AstrOS.csproj" />
  <Project Path="Demos/AstroTestGame/AstroTestGame.csproj" />
  <Project Path="Demos/SceneDemo/SceneDemo.csproj" />
  <Project Path="SharpMASM/SharpMASM.csproj" />
  <Project Path="Demos/chippy/chippy.csproj" />
  <Project Path="Demos/Asteroids/AsteroidsGame.csproj" />
  <Project Path="Demos/renderer/meow.csproj" />
  <!-- <Project Path="Demos/WordProcessor/TemplateGame.csproj" /> -->
  <Project Path="Demos/masmTests/TemplateGame.csproj" />
</Solution>
